
Microsoft Visual Studio Solution File, Format Version 12.00
# Visual Studio Version 17
VisualStudioVersion = 17.5.33627.172
MinimumVisualStudioVersion = 10.0.40219.1
Project("{FAE04EC0-301F-11D3-BF4B-00C04F79EFBC}") = "BookPicker", "BookPicker.csproj", "{1784C6AB-9923-4411-8DEF-8A98B190E260}"
EndProject
Global
	GlobalSection(SolutionConfigurationPlatforms) = preSolution
		Debug|Any CPU = Debug|Any CPU
		Release|Any CPU = Release|Any CPU
	EndGlobalSection
	GlobalSection(ProjectConfigurationPlatforms) = postSolution
		{1784C6AB-9923-4411-8DEF-8A98B190E260}.Debug|Any CPU.ActiveCfg = Debug|Any CPU
		{1784C6AB-9923-4411-8DEF-8A98B190E260}.Debug|Any CPU.Build.0 = Debug|Any CPU
		{1784C6AB-9923-4411-8DEF-8A98B190E260}.Release|Any CPU.ActiveCfg = Release|Any CPU
		{1784C6AB-9923-4411-8DEF-8A98B190E260}.Release|Any CPU.Build.0 = Release|Any CPU
	EndGlobalSection
	GlobalSection(SolutionProperties) = preSolution
		HideSolutionNode = FALSE
	EndGlobalSection
	GlobalSection(ExtensibilityGlobals) = postSolution
		SolutionGuid = {E5A00F28-7140-4EBC-96E1-635310C1C4B9}
	EndGlobalSection
EndGlobal
